PODS:
  - Anchorage (4.5.0)
  - AppAuth (1.6.2):
    - AppAuth/Core (= 1.6.2)
    - AppAuth/ExternalUserAgent (= 1.6.2)
  - AppAuth/Core (1.6.2)
  - AppAuth/ExternalUserAgent (1.6.2):
    - AppAuth/Core
  - BigInt (5.2.0)
  - CocoaLumberjack (3.8.2):
    - CocoaLumberjack/Core (= 3.8.2)
  - CocoaLumberjack/Core (3.8.2)
  - CommonWallet/Core (1.16.0):
    - RobinHood (~> 2.6.1)
    - SoraFoundation/DateProcessing (~> 1.0.0)
    - SoraFoundation/Localization (~> 1.0.0)
    - SoraFoundation/NotificationHandlers (~> 1.0.0)
    - SoraFoundation/NumberProcessing (~> 1.0.0)
    - SoraUI (~> 1.10.0)
  - Cuckoo (1.9.1):
    - Cuckoo/Swift (= 1.9.1)
  - Cuckoo/Swift (1.9.1)
  - FearlessUtils (0.14.0):
    - BigInt (~> 5.0)
    - IrohaCrypto/ed25519
    - IrohaCrypto/Scrypt
    - IrohaCrypto/secp256k1
    - IrohaCrypto/sr25519
    - IrohaCrypto/ss58
    - ReachabilitySwift (~> 5.0)
    - RobinHood (~> 2.6.1)
    - Starscream
    - TweetNacl (~> 1.0.0)
    - xxHash-Swift (~> 1.0.0)
  - Firebase/CoreOnly (10.19.0):
    - FirebaseCore (= 10.19.0)
  - Firebase/Crashlytics (10.19.0):
    - Firebase/CoreOnly
    - FirebaseCrashlytics (~> 10.19.0)
  - FirebaseAnalytics (10.19.0):
    - FirebaseAnalytics/AdIdSupport (= 10.19.0)
    - FirebaseCore (~> 10.0)
    - FirebaseInstallations (~> 10.0)
    - GoogleUtilities/AppDelegateSwizzler (~> 7.11)
    - GoogleUtilities/MethodSwizzler (~> 7.11)
    - GoogleUtilities/Network (~> 7.11)
    - "GoogleUtilities/NSData+zlib (~> 7.11)"
    - nanopb (< 2.30910.0, >= 2.30908.0)
  - FirebaseAnalytics/AdIdSupport (10.19.0):
    - FirebaseCore (~> 10.0)
    - FirebaseInstallations (~> 10.0)
    - GoogleAppMeasurement (= 10.19.0)
    - GoogleUtilities/AppDelegateSwizzler (~> 7.11)
    - GoogleUtilities/MethodSwizzler (~> 7.11)
    - GoogleUtilities/Network (~> 7.11)
    - "GoogleUtilities/NSData+zlib (~> 7.11)"
    - nanopb (< 2.30910.0, >= 2.30908.0)
  - FirebaseCore (10.19.0):
    - FirebaseCoreInternal (~> 10.0)
    - GoogleUtilities/Environment (~> 7.12)
    - GoogleUtilities/Logger (~> 7.12)
  - FirebaseCoreExtension (10.19.0):
    - FirebaseCore (~> 10.0)
  - FirebaseCoreInternal (10.19.0):
    - "GoogleUtilities/NSData+zlib (~> 7.8)"
  - FirebaseCrashlytics (10.19.0):
    - FirebaseCore (~> 10.5)
    - FirebaseInstallations (~> 10.0)
    - FirebaseSessions (~> 10.5)
    - GoogleDataTransport (~> 9.2)
    - GoogleUtilities/Environment (~> 7.8)
    - nanopb (< 2.30910.0, >= 2.30908.0)
    - PromisesObjC (~> 2.1)
  - FirebaseInstallations (10.19.0):
    - FirebaseCore (~> 10.0)
    - GoogleUtilities/Environment (~> 7.8)
    - GoogleUtilities/UserDefaults (~> 7.8)
    - PromisesObjC (~> 2.1)
  - FirebaseMessaging (10.19.0):
    - FirebaseCore (~> 10.0)
    - FirebaseInstallations (~> 10.0)
    - GoogleDataTransport (~> 9.3)
    - GoogleUtilities/AppDelegateSwizzler (~> 7.8)
    - GoogleUtilities/Environment (~> 7.8)
    - GoogleUtilities/Reachability (~> 7.8)
    - GoogleUtilities/UserDefaults (~> 7.8)
    - nanopb (< 2.30910.0, >= 2.30908.0)
  - FirebaseSessions (10.19.0):
    - FirebaseCore (~> 10.5)
    - FirebaseCoreExtension (~> 10.0)
    - FirebaseInstallations (~> 10.0)
    - GoogleDataTransport (~> 9.2)
    - GoogleUtilities/Environment (~> 7.10)
    - nanopb (< 2.30910.0, >= 2.30908.0)
    - PromisesSwift (~> 2.1)
  - FireMock (3.1)
  - FLEX (5.22.10)
  - GoogleAPIClientForREST/Core (1.2.1):
    - GTMSessionFetcher (>= 1.1.7)
  - GoogleAPIClientForREST/Drive (1.2.1):
    - GoogleAPIClientForREST/Core
    - GTMSessionFetcher (>= 1.1.7)
  - GoogleAppMeasurement (10.19.0):
    - GoogleAppMeasurement/AdIdSupport (= 10.19.0)
    - GoogleUtilities/AppDelegateSwizzler (~> 7.11)
    - GoogleUtilities/MethodSwizzler (~> 7.11)
    - GoogleUtilities/Network (~> 7.11)
    - "GoogleUtilities/NSData+zlib (~> 7.11)"
    - nanopb (< 2.30910.0, >= 2.30908.0)
  - GoogleAppMeasurement/AdIdSupport (10.19.0):
    - GoogleAppMeasurement/WithoutAdIdSupport (= 10.19.0)
    - GoogleUtilities/AppDelegateSwizzler (~> 7.11)
    - GoogleUtilities/MethodSwizzler (~> 7.11)
    - GoogleUtilities/Network (~> 7.11)
    - "GoogleUtilities/NSData+zlib (~> 7.11)"
    - nanopb (< 2.30910.0, >= 2.30908.0)
  - GoogleAppMeasurement/WithoutAdIdSupport (10.19.0):
    - GoogleUtilities/AppDelegateSwizzler (~> 7.11)
    - GoogleUtilities/MethodSwizzler (~> 7.11)
    - GoogleUtilities/Network (~> 7.11)
    - "GoogleUtilities/NSData+zlib (~> 7.11)"
    - nanopb (< 2.30910.0, >= 2.30908.0)
  - GoogleDataTransport (9.3.0):
    - GoogleUtilities/Environment (~> 7.7)
    - nanopb (< 2.30910.0, >= 2.30908.0)
    - PromisesObjC (< 3.0, >= 1.2)
  - GoogleSignIn (7.0.0):
    - AppAuth (~> 1.5)
    - GTMAppAuth (< 3.0, >= 1.3)
    - GTMSessionFetcher/Core (< 4.0, >= 1.1)
  - GoogleUtilities/AppDelegateSwizzler (7.12.0):
    - GoogleUtilities/Environment
    - GoogleUtilities/Logger
    - GoogleUtilities/Network
  - GoogleUtilities/Environment (7.12.0):
    - PromisesObjC (< 3.0, >= 1.2)
  - GoogleUtilities/Logger (7.12.0):
    - GoogleUtilities/Environment
  - GoogleUtilities/MethodSwizzler (7.12.0):
    - GoogleUtilities/Logger
  - GoogleUtilities/Network (7.12.0):
    - GoogleUtilities/Logger
    - "GoogleUtilities/NSData+zlib"
    - GoogleUtilities/Reachability
  - "GoogleUtilities/NSData+zlib (7.12.0)"
  - GoogleUtilities/Reachability (7.12.0):
    - GoogleUtilities/Logger
  - GoogleUtilities/UserDefaults (7.12.0):
    - GoogleUtilities/Logger
  - GTMAppAuth (2.0.0):
    - AppAuth/Core (~> 1.6)
    - GTMSessionFetcher/Core (< 4.0, >= 1.5)
  - GTMSessionFetcher (3.2.0):
    - GTMSessionFetcher/Full (= 3.2.0)
  - GTMSessionFetcher/Core (3.2.0)
  - GTMSessionFetcher/Full (3.2.0):
    - GTMSessionFetcher/Core
  - IdensicMobileSDK (1.28.0)
  - IrohaCrypto (0.9.0):
    - IrohaCrypto/BIP39 (= 0.9.0)
    - IrohaCrypto/blake2 (= 0.9.0)
    - IrohaCrypto/Common (= 0.9.0)
    - IrohaCrypto/ed25519 (= 0.9.0)
    - IrohaCrypto/Iroha (= 0.9.0)
    - IrohaCrypto/Scrypt (= 0.9.0)
    - IrohaCrypto/secp256k1 (= 0.9.0)
    - IrohaCrypto/sr25519 (= 0.9.0)
    - IrohaCrypto/ss58 (= 0.9.0)
  - IrohaCrypto/BIP39 (0.9.0):
    - IrohaCrypto/Common
  - IrohaCrypto/blake2 (0.9.0)
  - IrohaCrypto/Common (0.9.0)
  - IrohaCrypto/ed25519 (0.9.0):
    - IrohaCrypto/Common
  - IrohaCrypto/Iroha (0.9.0):
    - IrohaCrypto/Common
  - IrohaCrypto/Scrypt (0.9.0):
    - IrohaCrypto/Common
    - scrypt.c (~> 0.1)
  - IrohaCrypto/secp256k1 (0.9.0):
    - IrohaCrypto/Common
    - secp256k1.c (~> 0.1)
  - IrohaCrypto/sr25519 (0.9.0):
    - IrohaCrypto/BIP39
    - IrohaCrypto/blake2
    - IrohaCrypto/Common
  - IrohaCrypto/ss58 (0.9.0):
    - IrohaCrypto/blake2
    - IrohaCrypto/Common
  - JOSESwift (2.4.0)
  - Kingfisher (6.3.1)
  - lottie-ios (3.5.0)
  - nanopb (2.30909.1):
    - nanopb/decode (= 2.30909.1)
    - nanopb/encode (= 2.30909.1)
  - nanopb/decode (2.30909.1)
  - nanopb/encode (2.30909.1)
  - Nantes (0.1.2)
  - PayWingsKycSDK (1.0.0)
  - PayWingsOAuthSDK (2.0.0):
    - JOSESwift (= 2.4.0)
    - RecaptchaEnterprise (= 18.3.0)
  - PromisesObjC (2.3.1)
  - PromisesSwift (2.3.1):
    - PromisesObjC (= 2.3.1)
  - R.swift (6.1.0):
    - R.swift.Library (~> 5.3.0)
  - R.swift.Library (5.3.0)
  - ReachabilitySwift (5.0.0)
  - RecaptchaEnterprise (18.3.0):
    - RecaptchaInterop (~> 100.0.0)
  - RecaptchaInterop (100.0.0)
  - RobinHood (2.6.8)
  - SCard (1.5.0):
    - IdensicMobileSDK
    - PayWingsKycSDK (= 1.0.0)
    - PayWingsOAuthSDK (= 2.0.0)
    - R.swift (~> 6.1.0)
    - SnapKit
    - SoraUIKit (~> 1.1.2)
  - scrypt.c (0.1.1)
  - secp256k1.c (0.1.2)
  - SnapKit (5.6.0)
  - SoraDocuments (0.1.3)
  - SoraFoundation (1.0.0):
    - SoraFoundation/DateProcessing (= 1.0.0)
    - SoraFoundation/Localization (= 1.0.0)
    - SoraFoundation/NotificationHandlers (= 1.0.0)
    - SoraFoundation/NumberProcessing (= 1.0.0)
    - SoraFoundation/QueryProcessing (= 1.0.0)
    - SoraFoundation/Timer (= 1.0.0)
    - SoraFoundation/ViewModel (= 1.0.0)
  - SoraFoundation/DateProcessing (1.0.0):
    - SoraFoundation/Localization
  - SoraFoundation/Localization (1.0.0):
    - SoraKeystore (~> 1.0.0)
  - SoraFoundation/NotificationHandlers (1.0.0)
  - SoraFoundation/NumberProcessing (1.0.0)
  - SoraFoundation/QueryProcessing (1.0.0)
  - SoraFoundation/Timer (1.0.0):
    - SoraFoundation/NotificationHandlers
  - SoraFoundation/ViewModel (1.0.0)
  - SoraKeystore (1.0.2)
  - SoraUI (1.10.3):
    - SoraUI/AdaptiveDesign (= 1.10.3)
    - SoraUI/Animator (= 1.10.3)
    - SoraUI/Camera (= 1.10.3)
    - SoraUI/Controls (= 1.10.3)
    - SoraUI/DetailsView (= 1.10.3)
    - SoraUI/EmptyState (= 1.10.3)
    - SoraUI/Helpers (= 1.10.3)
    - SoraUI/LoadingView (= 1.10.3)
    - SoraUI/ModalPresentation (= 1.10.3)
    - SoraUI/PageLoader (= 1.10.3)
    - SoraUI/PinView (= 1.10.3)
    - SoraUI/Skrull (= 1.10.3)
  - SoraUI/AdaptiveDesign (1.10.3)
  - SoraUI/Animator (1.10.3)
  - SoraUI/Camera (1.10.3)
  - SoraUI/Controls (1.10.3):
    - SoraUI/Animator
  - SoraUI/DetailsView (1.10.3):
    - SoraUI/Controls
  - SoraUI/EmptyState (1.10.3):
    - SoraUI/Animator
  - SoraUI/Helpers (1.10.3)
  - SoraUI/LoadingView (1.10.3):
    - SoraUI/Controls
  - SoraUI/ModalPresentation (1.10.3):
    - SoraUI/Animator
    - SoraUI/Controls
  - SoraUI/PageLoader (1.10.3)
  - SoraUI/PinView (1.10.3):
    - SoraUI/Controls
  - SoraUI/Skrull (1.10.3)
  - SoraUIKit (1.1.11)
  - sorawallet (0.2.8)
  - Sourcery (1.9.2):
    - Sourcery/CLI-Only (= 1.9.2)
  - Sourcery/CLI-Only (1.9.2)
  - SSFCloudStorage (0.1.23):
    - GoogleAPIClientForREST/Drive (~> 1.2.1)
    - GoogleSignIn (~> 7.0.0)
    - IrohaCrypto/Scrypt
    - SSFModels
    - SSFUtils
    - TweetNacl (~> 1.0.0)
  - SSFModels (0.1.31):
    - IrohaCrypto
  - SSFUtils (0.1.31):
    - BigInt (~> 5.0)
    - IrohaCrypto/ed25519
    - IrohaCrypto/Scrypt
    - IrohaCrypto/secp256k1
    - IrohaCrypto/sr25519
    - IrohaCrypto/ss58
    - ReachabilitySwift (~> 5.0)
    - RobinHood
    - SSFModels
    - Starscream
    - TweetNacl (~> 1.0.0)
    - xxHash-Swift (~> 1.0.0)
  - Starscream (4.0.9)
  - SVGKit (2.1.0):
    - CocoaLumberjack (~> 3.0)
  - SwiftLint (0.49.1)
  - SwiftyBeaver (1.9.5)
  - Then (3.0.0)
  - TweetNacl (1.0.2)
  - xxHash-Swift (1.0.13)

DEPENDENCIES:
  - Anchorage
  - CommonWallet/Core (from `https://github.com/soramitsu/Capital-iOS.git`, branch `feature/sora-propositions`)
  - Cuckoo (~> 1.9.1)
  - FearlessUtils (from `https://github.com/soramitsu/fearless-utils-iOS.git`, branch `feature/fearless-utils-for-sora`)
  - Firebase/Crashlytics
  - FirebaseAnalytics
  - FirebaseMessaging
  - FireMock
  - FLEX
  - GoogleAPIClientForREST/Core
  - GoogleAPIClientForREST/Drive
  - "IdensicMobileSDK (from `{:http=>\"https://github.com/PayWings/PayWingsOnboardingKycSDK-iOS-IdensicMobile/archive/v2.2.3.tar.gz\"}`)"
  - IrohaCrypto (~> 0.9.0)
  - Kingfisher (from `https://github.com/onevcat/Kingfisher`, branch `version6-xcode13`)
  - lottie-ios (~> 3.5.0)
  - Nantes
  - R.swift (~> 6.1.0)
  - ReachabilitySwift
  - RobinHood
  - SCard (from `https://github.com/sora-xor/sora-card-ios`, branch `release/1.5.0`)
  - SnapKit
  - SoraDocuments
  - SoraFoundation
  - SoraKeystore
  - SoraUI
  - SoraUIKit (from `https://github.com/soramitsu/ios-ui`, tag `1.1.11`)
  - sorawallet (from `https://raw.githubusercontent.com/soramitsu/x-networking/release/0.2.8/lib/sorawallet/sorawallet.podspec`)
  - Sourcery (~> 1.4)
  - SSFCloudStorage
  - Starscream (from `https://github.com/soramitsu/fearless-starscream.git`, tag `4.0.9`)
  - SVGKit (from `https://github.com/SVGKit/SVGKit.git`, tag `3.0.0`)
  - SwiftLint (~> 0.49.0)
  - SwiftyBeaver
  - Then

SPEC REPOS:
  https://github.com/CocoaPods/Specs.git:
    - Anchorage
    - AppAuth
    - BigInt
    - CocoaLumberjack
    - Cuckoo
    - Firebase
    - FirebaseAnalytics
    - FirebaseCore
    - FirebaseCoreExtension
    - FirebaseCoreInternal
    - FirebaseCrashlytics
    - FirebaseInstallations
    - FirebaseMessaging
    - FirebaseSessions
    - FireMock
    - FLEX
    - GoogleAPIClientForREST
    - GoogleAppMeasurement
    - GoogleDataTransport
    - GoogleSignIn
    - GoogleUtilities
    - GTMAppAuth
    - GTMSessionFetcher
    - IrohaCrypto
    - JOSESwift
    - lottie-ios
    - nanopb
    - Nantes
    - PayWingsKycSDK
    - PayWingsOAuthSDK
    - PromisesObjC
    - PromisesSwift
    - R.swift
    - R.swift.Library
    - ReachabilitySwift
    - RecaptchaEnterprise
    - RecaptchaInterop
    - RobinHood
    - scrypt.c
    - secp256k1.c
    - SnapKit
    - SoraDocuments
    - SoraFoundation
    - SoraKeystore
    - SoraUI
    - Sourcery
    - SwiftLint
    - SwiftyBeaver
    - Then
    - TweetNacl
    - xxHash-Swift
  https://github.com/soramitsu/SSFSpecs.git:
    - SSFCloudStorage
    - SSFModels
    - SSFUtils

EXTERNAL SOURCES:
  CommonWallet:
    :branch: feature/sora-propositions
    :git: https://github.com/soramitsu/Capital-iOS.git
  FearlessUtils:
    :branch: feature/fearless-utils-for-sora
    :git: https://github.com/soramitsu/fearless-utils-iOS.git
  IdensicMobileSDK:
    :http: https://github.com/PayWings/PayWingsOnboardingKycSDK-iOS-IdensicMobile/archive/v2.2.3.tar.gz
  Kingfisher:
    :branch: version6-xcode13
    :git: https://github.com/onevcat/Kingfisher
  SCard:
    :branch: release/1.5.0
    :git: https://github.com/sora-xor/sora-card-ios
  SoraUIKit:
    :git: https://github.com/soramitsu/ios-ui
    :tag: 1.1.11
  sorawallet:
    :podspec: https://raw.githubusercontent.com/soramitsu/x-networking/release/0.2.8/lib/sorawallet/sorawallet.podspec
  Starscream:
    :git: https://github.com/soramitsu/fearless-starscream.git
    :tag: 4.0.9
  SVGKit:
    :git: https://github.com/SVGKit/SVGKit.git
    :tag: 3.0.0

CHECKOUT OPTIONS:
  CommonWallet:
    :commit: 71f013b5e86c52776216c0a43ee87bbea6cb9137
    :git: https://github.com/soramitsu/Capital-iOS.git
  FearlessUtils:
    :commit: 26dfc128d0d1f35aac0c44ffab3ef1f2071e003c
    :git: https://github.com/soramitsu/fearless-utils-iOS.git
  IdensicMobileSDK:
    :http: https://github.com/PayWings/PayWingsOnboardingKycSDK-iOS-IdensicMobile/archive/v2.2.3.tar.gz
  Kingfisher:
    :commit: d0494dd78f7adf2d3526fdf3267176553020c041
    :git: https://github.com/onevcat/Kingfisher
  SCard:
    :commit: 5739c2078ff4c1734fbd29d8b3ee043b44da91b0
    :git: https://github.com/sora-xor/sora-card-ios
  SoraUIKit:
    :git: https://github.com/soramitsu/ios-ui
    :tag: 1.1.11
  Starscream:
    :git: https://github.com/soramitsu/fearless-starscream.git
    :tag: 4.0.9
  SVGKit:
    :git: https://github.com/SVGKit/SVGKit.git
    :tag: 3.0.0

SPEC CHECKSUMS:
  Anchorage: 1961bc81c84aeed54ad7ffc697c50cd9de748ba6
  AppAuth: 3bb1d1cd9340bd09f5ed189fb00b1cc28e1e8570
  BigInt: f668a80089607f521586bbe29513d708491ef2f7
  CocoaLumberjack: f8d89a516e7710fdb2e9b8f1560b16ec6040eef0
  CommonWallet: 3c67d5fd85593a20f6b55777c2660ff886fc4148
  Cuckoo: 1b6793fe60fac29af50b0a5915bc309a4a1ac673
  FearlessUtils: 29225af385d297526e802d5218fa111763ff10de
  Firebase: 63ce8ece0d43743dc28eacac0c6867a2d7fd5a9d
  FirebaseAnalytics: 87513010b13b7c8610164d3602ea10571f76afc1
  FirebaseCore: dc5c7badf99d47613c52b2e3a57a64cd187f8554
  FirebaseCoreExtension: c08d14c7b22e07994e876d837e6f58642f340087
  FirebaseCoreInternal: b444828ea7cfd594fca83046b95db98a2be4f290
  FirebaseCrashlytics: a4d2ad12f5c07ec8ee0ebc89133a45498a293ba6
  FirebaseInstallations: 033d199474164db20c8350736842a94fe717b960
  FirebaseMessaging: d322bd030a0e97398bf134746e087b88e6ba0074
  FirebaseSessions: e5f4caa188dc8bc6142abc974355be75b042215e
  FireMock: 3eed872059c12f94855413347da83b9d6d1a6fac
  FLEX: f21ee4f498eed3f8a1eded66b21939fd3b7a22ce
  GoogleAPIClientForREST: a8b95a252014ce2e618df6b75dc72eca2c00b4af
  GoogleAppMeasurement: 68afe759316673c6554dac35a0c7ae8f5d6cb4ed
  GoogleDataTransport: 57c22343ab29bc686febbf7cbb13bad167c2d8fe
  GoogleSignIn: b232380cf495a429b8095d3178a8d5855b42e842
  GoogleUtilities: 0759d1a57ebb953965c2dfe0ba4c82e95ccc2e34
  GTMAppAuth: 99fb010047ba3973b7026e45393f51f27ab965ae
  GTMSessionFetcher: 41b9ef0b4c08a6db4b7eb51a21ae5183ec99a2c8
  IdensicMobileSDK: 57c80d5544ee364fa526670c1d3bb2e80f374c2b
  IrohaCrypto: 6be75a4268cd1f5cec4231c6d3f95cb03f723fd3
  JOSESwift: 7ff178bb9173ff42c6e990929a9f2fa702a34f69
  Kingfisher: 8b783c3d7be73a99b2172a743a5bc0a4dd331d79
  lottie-ios: c55158d67d0629a260625cc2ded2052b829e3c3e
  nanopb: d4d75c12cd1316f4a64e3c6963f879ecd4b5e0d5
  Nantes: 0396442578e32242223fed46050dea1850236184
  PayWingsKycSDK: b997360d19e585328ae56d5a836d9d2cdd61792d
  PayWingsOAuthSDK: bde59cb75d4f1e283b6f2743f38f1dbfeffbe4b8
  PromisesObjC: c50d2056b5253dadbd6c2bea79b0674bd5a52fa4
  PromisesSwift: 28dca69a9c40779916ac2d6985a0192a5cb4a265
  R.swift: ec98ff71c4ab2f6fd01dd077e5afd15e63a4834c
  R.swift.Library: 0fc583cb55a99e28901299cc451614cad1161962
  ReachabilitySwift: 985039c6f7b23a1da463388634119492ff86c825
  RecaptchaEnterprise: 9b60bc1e1633d120e24a098d80546776fab1282e
  RecaptchaInterop: 7d1a4a01a6b2cb1610a47ef3f85f0c411434cb21
  RobinHood: b775a72cc0ae55cee3dfb4a5668597aca20ba244
  SCard: 2ce0da1b75b72119550da5514a0574b52b3b173b
  scrypt.c: b42ae06183251329d2b2c620c226fb541a4a3592
  secp256k1.c: db47b726585d80f027423682eb369729e61b3b20
  SnapKit: e01d52ebb8ddbc333eefe2132acf85c8227d9c25
  SoraDocuments: c927a79974f73672a8f39d8c2bb143afca5d3561
  SoraFoundation: 988d90ee3159311b02e42aeba0cf7e85d8bc724c
  SoraKeystore: c42760c9270fc232a79f644c1b4bb07d9ead4ee7
  SoraUI: 1ec71151eb962591eeb898bcdd98bded59745f2d
  SoraUIKit: f32d51c0876d016f5f318b534eb8f7eb2eeaa00a
  sorawallet: ca3f0821e006c78b27618fe4ea1140ca4a189c75
  Sourcery: 179539341c2261068528cd15a31837b7238fd901
  SSFCloudStorage: c4123454b3084015ea8d88af92f51de79fce7f2c
  SSFModels: d85433036fd8a3bc88f93d570649f242d948f063
  SSFUtils: 1b0bbf20c0d3577bd17f56e4f8d7107925f49c76
  Starscream: a4e6a77c535efeca8cd2ad85c0e2689500bc6c3d
  SVGKit: 132b010efbf57ec345309fe4a7f627c0a40c5d63
  SwiftLint: 32ee33ded0636d0905ef6911b2b67bbaeeedafa5
  SwiftyBeaver: 84069991dd5dca07d7069100985badaca7f0ce82
  Then: 844265ae87834bbe1147d91d5d41a404da2ec27d
  TweetNacl: 3abf4d1d2082b0114e7a67410e300892448951e6
  xxHash-Swift: 30bd6a7507b3b7348a277c49b1cb6346c2905ec7

PODFILE CHECKSUM: 6deeae7fe276f72675cf5b03885c387a8c1e784f

COCOAPODS: 1.12.1
