PODS:
  - BoringSSL (10.0.3):
    - BoringSSL/Implementation (= 10.0.3)
    - BoringSSL/Interface (= 10.0.3)
  - BoringSSL/Implementation (10.0.3):
    - BoringSSL/Interface (= 10.0.3)
  - BoringSSL/Interface (10.0.3)
  - CommonWallet (0.6.1):
    - IrohaCommunication
    - RobinHood
    - SoraUI
  - Crashlytics (3.13.2):
    - Fabric (~> 1.10.2)
  - Cuckoo (1.0.6)
  - Fabric (1.10.2)
  - Firebase/Core (6.3.0):
    - Firebase/CoreOnly
    - FirebaseAnalytics (= 6.0.2)
  - Firebase/CoreOnly (6.3.0):
    - FirebaseCore (= 6.0.3)
  - Firebase/Messaging (6.3.0):
    - Firebase/CoreOnly
    - FirebaseMessaging (~> 4.1.0)
  - FirebaseAnalytics (6.0.2):
    - FirebaseCore (~> 6.0)
    - FirebaseInstanceID (~> 4.2)
    - GoogleAppMeasurement (= 6.0.2)
    - GoogleUtilities/AppDelegateSwizzler (~> 6.0)
    - GoogleUtilities/MethodSwizzler (~> 6.0)
    - GoogleUtilities/Network (~> 6.0)
    - "GoogleUtilities/NSData+zlib (~> 6.0)"
    - nanopb (~> 0.3)
  - FirebaseAnalyticsInterop (1.2.0)
  - FirebaseCore (6.0.3):
    - GoogleUtilities/Environment (~> 6.0)
    - GoogleUtilities/Logger (~> 6.0)
  - FirebaseInstanceID (4.2.0):
    - FirebaseCore (~> 6.0)
    - GoogleUtilities/Environment (~> 6.0)
    - GoogleUtilities/UserDefaults (~> 6.0)
  - FirebaseMessaging (4.1.0):
    - FirebaseAnalyticsInterop (~> 1.1)
    - FirebaseCore (~> 6.0)
    - FirebaseInstanceID (~> 4.1)
    - GoogleUtilities/AppDelegateSwizzler (~> 6.2)
    - GoogleUtilities/Environment (~> 6.2)
    - GoogleUtilities/Reachability (~> 6.2)
    - GoogleUtilities/UserDefaults (~> 6.2)
    - Protobuf (~> 3.1)
  - FireMock (3.1)
  - GCDWebServer (3.5.2):
    - GCDWebServer/Core (= 3.5.2)
  - GCDWebServer/Core (3.5.2)
  - GoogleAppMeasurement (6.0.2):
    - GoogleUtilities/AppDelegateSwizzler (~> 6.0)
    - GoogleUtilities/MethodSwizzler (~> 6.0)
    - GoogleUtilities/Network (~> 6.0)
    - "GoogleUtilities/NSData+zlib (~> 6.0)"
    - nanopb (~> 0.3)
  - GoogleUtilities/AppDelegateSwizzler (6.2.1):
    - GoogleUtilities/Environment
    - GoogleUtilities/Logger
    - GoogleUtilities/Network
  - GoogleUtilities/Environment (6.2.1)
  - GoogleUtilities/Logger (6.2.1):
    - GoogleUtilities/Environment
  - GoogleUtilities/MethodSwizzler (6.2.1):
    - GoogleUtilities/Logger
  - GoogleUtilities/Network (6.2.1):
    - GoogleUtilities/Logger
    - "GoogleUtilities/NSData+zlib"
    - GoogleUtilities/Reachability
  - "GoogleUtilities/NSData+zlib (6.2.1)"
  - GoogleUtilities/Reachability (6.2.1):
    - GoogleUtilities/Logger
  - GoogleUtilities/UserDefaults (6.2.1):
    - GoogleUtilities/Logger
  - gRPC (1.11.0):
    - gRPC-RxLibrary (= 1.11.0)
    - gRPC/Main (= 1.11.0)
  - gRPC-Core (1.11.0):
    - gRPC-Core/Implementation (= 1.11.0)
    - gRPC-Core/Interface (= 1.11.0)
  - gRPC-Core/Implementation (1.11.0):
    - BoringSSL (~> 10.0)
    - gRPC-Core/Interface (= 1.11.0)
    - nanopb (~> 0.3)
  - gRPC-Core/Interface (1.11.0)
  - gRPC-ProtoRPC (1.11.0):
    - gRPC (= 1.11.0)
    - gRPC-RxLibrary (= 1.11.0)
    - Protobuf (~> 3.0)
  - gRPC-RxLibrary (1.11.0)
  - gRPC/Main (1.11.0):
    - gRPC-Core (= 1.11.0)
    - gRPC-RxLibrary (= 1.11.0)
  - IrohaCommunication (3.2.0):
    - BoringSSL (= 10.0.3)
    - gRPC-ProtoRPC (= 1.11.0)
    - IrohaCrypto
    - nanopb (= 0.3.8)
    - Protobuf (~> 3.5.0)
  - IrohaCrypto (0.2.6)
  - Kingfisher (4.10.1)
  - nanopb (0.3.8):
    - nanopb/decode (= 0.3.8)
    - nanopb/encode (= 0.3.8)
  - nanopb/decode (0.3.8)
  - nanopb/encode (0.3.8)
  - Protobuf (3.5.0)
  - R.swift (5.0.3):
    - R.swift.Library (~> 5.0.0)
  - R.swift.Library (5.0.1)
  - ReachabilitySwift (4.3.1)
  - RobinHood (1.0.2)
  - SKPhotoBrowser (6.1.0)
  - SoraCrypto (0.1.1):
    - IrohaCrypto
    - SoraDocuments
  - SoraDocuments (0.1.2)
  - SoraKeystore (0.1.2)
  - SoraUI (1.8.3):
    - SoraUI/AdaptiveDesign (= 1.8.3)
    - SoraUI/Animator (= 1.8.3)
    - SoraUI/Camera (= 1.8.3)
    - SoraUI/Controls (= 1.8.3)
    - SoraUI/DetailsView (= 1.8.3)
    - SoraUI/EmptyState (= 1.8.3)
    - SoraUI/LoadingView (= 1.8.3)
    - SoraUI/ModalInputPresentation (= 1.8.3)
    - SoraUI/PageLoader (= 1.8.3)
    - SoraUI/PinView (= 1.8.3)
    - SoraUI/Skrull (= 1.8.3)
  - SoraUI/AdaptiveDesign (1.8.3)
  - SoraUI/Animator (1.8.3)
  - SoraUI/Camera (1.8.3)
  - SoraUI/Controls (1.8.3)
  - SoraUI/DetailsView (1.8.3):
    - SoraUI/Controls
  - SoraUI/EmptyState (1.8.3):
    - SoraUI/Animator
  - SoraUI/LoadingView (1.8.3):
    - SoraUI/Controls
  - SoraUI/ModalInputPresentation (1.8.3):
    - SoraUI/Animator
  - SoraUI/PageLoader (1.8.3)
  - SoraUI/PinView (1.8.3):
    - SoraUI/Controls
  - SoraUI/Skrull (1.8.3)
  - SwiftLint (0.33.0)
  - SwiftyBeaver (1.7.0)

DEPENDENCIES:
  - CommonWallet
  - Crashlytics
  - Cuckoo
  - Fabric
  - Firebase/Core
  - Firebase/Messaging
  - FireMock
  - GCDWebServer
  - IrohaCrypto
  - Kingfisher
  - R.swift
  - ReachabilitySwift
  - RobinHood
  - SKPhotoBrowser
  - SoraCrypto
  - SoraDocuments
  - SoraKeystore
  - SoraUI
  - SwiftLint
  - SwiftyBeaver

SPEC REPOS:
  https://github.com/cocoapods/specs.git:
    - BoringSSL
    - CommonWallet
    - Crashlytics
    - Cuckoo
    - Fabric
    - Firebase
    - FirebaseAnalytics
    - FirebaseAnalyticsInterop
    - FirebaseCore
    - FirebaseInstanceID
    - FirebaseMessaging
    - FireMock
    - GCDWebServer
    - GoogleAppMeasurement
    - GoogleUtilities
    - gRPC
    - gRPC-Core
    - gRPC-ProtoRPC
    - gRPC-RxLibrary
    - IrohaCommunication
    - IrohaCrypto
    - Kingfisher
    - nanopb
    - Protobuf
    - R.swift
    - R.swift.Library
    - ReachabilitySwift
    - RobinHood
    - SKPhotoBrowser
    - SoraCrypto
    - SoraDocuments
    - SoraKeystore
    - SoraUI
    - SwiftLint
    - SwiftyBeaver

SPEC CHECKSUMS:
  BoringSSL: c46efb47593135382bc0934196f16d2f726f5f36
  CommonWallet: e54953580ed6fe970492296d520eac737c216297
  Crashlytics: 611738c7847f8291a1a51084e35987b86ba6b3ee
  Cuckoo: 8074fc309159c4862665b83798f5ad03e061e8bd
  Fabric: 706c8b8098fff96c33c0db69cbf81f9c551d0d74
  Firebase: 8432d732974498afd5987e9001a05f90f1a3d625
  FirebaseAnalytics: 470ddab7253b21ad5a40bebd4a9903d7ae19386a
  FirebaseAnalyticsInterop: efbe45c8385ec626e29f9525e5ebd38520dfb6c1
  FirebaseCore: 68f8a7f50cdae542715d4e86afa37c4067217dcb
  FirebaseInstanceID: f20243a1d828e0e9a3798b995174dedc16f1b32a
  FirebaseMessaging: 0ac5310133e6ada4cdd44d42e92038855214a5e9
  FireMock: 3eed872059c12f94855413347da83b9d6d1a6fac
  GCDWebServer: ead88cd14596dd4eae4f5830b8877c87c8728990
  GoogleAppMeasurement: a35a645835bae31b6bdc0576396bc23908f12a22
  GoogleUtilities: c7a0b08bda3bf808be823ed151f0e28ac6866e71
  gRPC: 70703dc9ba31c72341fc7f37745cc1c379edee96
  gRPC-Core: 164639cd8ae18ca8b65477fafb2efbaecf4f181a
  gRPC-ProtoRPC: bb5fddf3424aa4fad74d76736578a79fe40e244e
  gRPC-RxLibrary: 26d53d1b1f306befd4ad4e15bd6de27839a82481
  IrohaCommunication: 80d8be2565e5bbd3446bdc5d2bdfb0e0849606e8
  IrohaCrypto: 4eb85b5edbf7667b5ffcef1b5104357f18ca8e81
  Kingfisher: c148cd7b47ebde9989f6bc7c27dcaa79d81279a0
  nanopb: 5601e6bca2dbf1ed831b519092ec110f66982ca3
  Protobuf: 8a9838fba8dae3389230e1b7f8c104aa32389c03
  R.swift: f5a87643b91ea569d23d6afb3eee9c743edde239
  R.swift.Library: cfe85d569d9bae6cb262922db130e7c3a7a5fad1
  ReachabilitySwift: 4032e2f59586e11e3b0ebe15b167abdd587a388b
  RobinHood: 97475c85d8c715fdc5ed4f6df4743028c9e133ca
  SKPhotoBrowser: 343de95d89dc7913763c5dda243cc6e606e4a168
  SoraCrypto: 7b8e74cc1572a7e7f4049264370adc388585566d
  SoraDocuments: 86060c40478b05fbd62fc02a25df17a6f01ab6dc
  SoraKeystore: 688cdd66b6ce68859944c232da7b36ed2c2e213a
  SoraUI: 176a884d7cc3474453621d237823123932230698
  SwiftLint: fed9c66336e41fc74dc48a73678380718f0c8b0e
  SwiftyBeaver: 4cc0080d2e23f980652e28978db11a5c9da39165

PODFILE CHECKSUM: 14d67c07049ff6693772cdc3db87fe16b4ac8b7f

COCOAPODS: 1.7.3
