<?xml version="1.0" encoding="UTF-8"?>
<Scheme
   LastUpgradeVersion = "1230"
   version = "1.3">
   <BuildAction
      parallelizeBuildables = "YES"
      buildImplicitDependencies = "YES">
      <BuildActionEntries>
         <BuildActionEntry
            buildForTesting = "YES"
            buildForRunning = "YES"
            buildForProfiling = "YES"
            buildForArchiving = "YES"
            buildForAnalyzing = "YES">
            <BuildableReference
               BuildableIdentifier = "primary"
               BlueprintIdentifier = "02623EB42178C0910011250E"
               BuildableName = "SoraPassport.app"
               BlueprintName = "SoraPassport"
               ReferencedContainer = "container:SoraPassport.xcodeproj">
            </BuildableReference>
         </BuildActionEntry>
         <BuildActionEntry
            buildForTesting = "YES"
            buildForRunning = "NO"
            buildForProfiling = "NO"
            buildForArchiving = "NO"
            buildForAnalyzing = "NO">
            <BuildableReference
               BuildableIdentifier = "primary"
               BlueprintIdentifier = "02623EC82178C0930011250E"
               BuildableName = "SoraPassportTests.xctest"
               BlueprintName = "SoraPassportTests"
               ReferencedContainer = "container:SoraPassport.xcodeproj">
            </BuildableReference>
         </BuildActionEntry>
         <BuildActionEntry
            buildForTesting = "YES"
            buildForRunning = "NO"
            buildForProfiling = "NO"
            buildForArchiving = "NO"
            buildForAnalyzing = "NO">
            <BuildableReference
               BuildableIdentifier = "primary"
               BlueprintIdentifier = "02623ED32178C0930011250E"
               BuildableName = "SoraPassportUITests.xctest"
               BlueprintName = "SoraPassportUITests"
               ReferencedContainer = "container:SoraPassport.xcodeproj">
            </BuildableReference>
         </BuildActionEntry>
         <BuildActionEntry
            buildForTesting = "YES"
            buildForRunning = "NO"
            buildForProfiling = "NO"
            buildForArchiving = "NO"
            buildForAnalyzing = "NO">
            <BuildableReference
               BuildableIdentifier = "primary"
               BlueprintIdentifier = "84324BCA2411446000CA339A"
               BuildableName = "SoraPassportIntegrationTests.xctest"
               BlueprintName = "SoraPassportIntegrationTests"
               ReferencedContainer = "container:SoraPassport.xcodeproj">
            </BuildableReference>
         </BuildActionEntry>
      </BuildActionEntries>
   </BuildAction>
   <TestAction
      buildConfiguration = "Debug"
      selectedDebuggerIdentifier = "Xcode.DebuggerFoundation.Debugger.LLDB"
      selectedLauncherIdentifier = "Xcode.DebuggerFoundation.Launcher.LLDB"
      shouldUseLaunchSchemeArgsEnv = "NO"
      codeCoverageEnabled = "YES"
      onlyGenerateCoverageForSpecifiedTargets = "YES">
      <MacroExpansion>
         <BuildableReference
            BuildableIdentifier = "primary"
            BlueprintIdentifier = "02623EB42178C0910011250E"
            BuildableName = "SoraPassport.app"
            BlueprintName = "SoraPassport"
            ReferencedContainer = "container:SoraPassport.xcodeproj">
         </BuildableReference>
      </MacroExpansion>
      <CommandLineArguments>
         <CommandLineArgument
            argument = "-UNITTEST"
            isEnabled = "YES">
         </CommandLineArgument>
      </CommandLineArguments>
      <CodeCoverageTargets>
         <BuildableReference
            BuildableIdentifier = "primary"
            BlueprintIdentifier = "02623EB42178C0910011250E"
            BuildableName = "SoraPassport.app"
            BlueprintName = "SoraPassport"
            ReferencedContainer = "container:SoraPassport.xcodeproj">
         </BuildableReference>
      </CodeCoverageTargets>
      <Testables>
         <TestableReference
            skipped = "NO">
            <BuildableReference
               BuildableIdentifier = "primary"
               BlueprintIdentifier = "84324BCA2411446000CA339A"
               BuildableName = "SoraPassportIntegrationTests.xctest"
               BlueprintName = "SoraPassportIntegrationTests"
               ReferencedContainer = "container:SoraPassport.xcodeproj">
            </BuildableReference>
            <SkippedTests>
               <Test
                  Identifier = "JSONRPCPoolXYKTests">
               </Test>
            </SkippedTests>
         </TestableReference>
         <TestableReference
            skipped = "NO">
            <BuildableReference
               BuildableIdentifier = "primary"
               BlueprintIdentifier = "02623EC82178C0930011250E"
               BuildableName = "SoraPassportTests.xctest"
               BlueprintName = "SoraPassportTests"
               ReferencedContainer = "container:SoraPassport.xcodeproj">
            </BuildableReference>
         </TestableReference>
         <TestableReference
            skipped = "NO">
            <BuildableReference
               BuildableIdentifier = "primary"
               BlueprintIdentifier = "02623ED32178C0930011250E"
               BuildableName = "SoraPassportUITests.xctest"
               BlueprintName = "SoraPassportUITests"
               ReferencedContainer = "container:SoraPassport.xcodeproj">
            </BuildableReference>
         </TestableReference>
      </Testables>
   </TestAction>
   <LaunchAction
      buildConfiguration = "Test"
      selectedDebuggerIdentifier = "Xcode.DebuggerFoundation.Debugger.LLDB"
      selectedLauncherIdentifier = "Xcode.DebuggerFoundation.Launcher.LLDB"
      launchStyle = "0"
      useCustomWorkingDirectory = "NO"
      ignoresPersistentStateOnLaunch = "NO"
      debugDocumentVersioning = "YES"
      debugServiceExtension = "internal"
      allowLocationSimulation = "YES">
      <BuildableProductRunnable
         runnableDebuggingMode = "0">
         <BuildableReference
            BuildableIdentifier = "primary"
            BlueprintIdentifier = "02623EB42178C0910011250E"
            BuildableName = "SoraPassport.app"
            BlueprintName = "SoraPassport"
            ReferencedContainer = "container:SoraPassport.xcodeproj">
         </BuildableReference>
      </BuildableProductRunnable>
   </LaunchAction>
   <ProfileAction
      buildConfiguration = "Release"
      shouldUseLaunchSchemeArgsEnv = "YES"
      savedToolIdentifier = ""
      useCustomWorkingDirectory = "NO"
      debugDocumentVersioning = "YES">
      <BuildableProductRunnable
         runnableDebuggingMode = "0">
         <BuildableReference
            BuildableIdentifier = "primary"
            BlueprintIdentifier = "02623EB42178C0910011250E"
            BuildableName = "SoraPassport.app"
            BlueprintName = "SoraPassport"
            ReferencedContainer = "container:SoraPassport.xcodeproj">
         </BuildableReference>
      </BuildableProductRunnable>
   </ProfileAction>
   <AnalyzeAction
      buildConfiguration = "Debug">
   </AnalyzeAction>
   <ArchiveAction
      buildConfiguration = "Release"
      revealArchiveInOrganizer = "YES">
   </ArchiveAction>
</Scheme>
