// !$*UTF8*$!
{
	archiveVersion = 1;
	classes = {
	};
	objectVersion = 46;
	objects = {

/* Begin PBXBuildFile section */
		027A3D8021C13CD60020B66A /* RoundedButtonsViewController.swift in Sources */ = {isa = PBXBuildFile; fileRef = 027A3D7F21C13CD60020B66A /* RoundedButtonsViewController.swift */; };
		027A3D8221C13D040020B66A /* RoundedButtonsViewController.xib in Resources */ = {isa = PBXBuildFile; fileRef = 027A3D8121C13D040020B66A /* RoundedButtonsViewController.xib */; };
		027A3D8521C14A670020B66A /* GradientButtonsViewController.swift in Sources */ = {isa = PBXBuildFile; fileRef = 027A3D8421C14A670020B66A /* GradientButtonsViewController.swift */; };
		027A3D8721C14A980020B66A /* GradientButtonsViewController.xib in Resources */ = {isa = PBXBuildFile; fileRef = 027A3D8621C14A980020B66A /* GradientButtonsViewController.xib */; };
		027A3D9021C1509C0020B66A /* PincodeViewController.xib in Resources */ = {isa = PBXBuildFile; fileRef = 027A3D8F21C1509C0020B66A /* PincodeViewController.xib */; };
		027A3D9221C150B30020B66A /* PincodeViewController.swift in Sources */ = {isa = PBXBuildFile; fileRef = 027A3D9121C150B30020B66A /* PincodeViewController.swift */; };
		027A3D9521C156CE0020B66A /* TextCodeViewController.swift in Sources */ = {isa = PBXBuildFile; fileRef = 027A3D9421C156CE0020B66A /* TextCodeViewController.swift */; };
		027A3D9721C156E00020B66A /* TextCodeViewController.xib in Resources */ = {isa = PBXBuildFile; fileRef = 027A3D9621C156E00020B66A /* TextCodeViewController.xib */; };
		027A3D9A21C15A350020B66A /* LoadingViewController.xib in Resources */ = {isa = PBXBuildFile; fileRef = 027A3D9921C15A350020B66A /* LoadingViewController.xib */; };
		027A3D9C21C15A440020B66A /* LoadingViewController.swift in Sources */ = {isa = PBXBuildFile; fileRef = 027A3D9B21C15A440020B66A /* LoadingViewController.swift */; };
		027A3DB721C248880020B66A /* ActionTitleViewController.swift in Sources */ = {isa = PBXBuildFile; fileRef = 027A3DB621C248880020B66A /* ActionTitleViewController.swift */; };
		027A3DB921C2505B0020B66A /* ActionTitleViewController.xib in Resources */ = {isa = PBXBuildFile; fileRef = 027A3DB821C2505B0020B66A /* ActionTitleViewController.xib */; };
		028547E1220886CD00A40F41 /* SegmentedControlViewController.swift in Sources */ = {isa = PBXBuildFile; fileRef = 028547E0220886CD00A40F41 /* SegmentedControlViewController.swift */; };
		028547E32208873100A40F41 /* SegmentedControlViewController.xib in Resources */ = {isa = PBXBuildFile; fileRef = 028547E22208873100A40F41 /* SegmentedControlViewController.xib */; };
		4FB62661730DE90CD2A5A047 /* Pods_SoraUI_Tests.framework in Frameworks */ = {isa = PBXBuildFile; fileRef = 071E5C489354557C0094BB90 /* Pods_SoraUI_Tests.framework */; };
		607FACD61AFB9204008FA782 /* AppDelegate.swift in Sources */ = {isa = PBXBuildFile; fileRef = 607FACD51AFB9204008FA782 /* AppDelegate.swift */; };
		607FACD81AFB9204008FA782 /* ListViewController.swift in Sources */ = {isa = PBXBuildFile; fileRef = 607FACD71AFB9204008FA782 /* ListViewController.swift */; };
		607FACDB1AFB9204008FA782 /* Main.storyboard in Resources */ = {isa = PBXBuildFile; fileRef = 607FACD91AFB9204008FA782 /* Main.storyboard */; };
		607FACDD1AFB9204008FA782 /* Images.xcassets in Resources */ = {isa = PBXBuildFile; fileRef = 607FACDC1AFB9204008FA782 /* Images.xcassets */; };
		607FACE01AFB9204008FA782 /* LaunchScreen.xib in Resources */ = {isa = PBXBuildFile; fileRef = 607FACDE1AFB9204008FA782 /* LaunchScreen.xib */; };
		84131DAA22BC1BF90091A0A6 /* SkrullTests.swift in Sources */ = {isa = PBXBuildFile; fileRef = 84131DA922BC1BF90091A0A6 /* SkrullTests.swift */; };
		843BBB0B23B347AD0047100A /* PlainSegmentedControlTests.swift in Sources */ = {isa = PBXBuildFile; fileRef = 843BBB0A23B347AD0047100A /* PlainSegmentedControlTests.swift */; };
		843F0A8722BC0E10005B369F /* SkeletonViewController.swift in Sources */ = {isa = PBXBuildFile; fileRef = 843F0A8622BC0E10005B369F /* SkeletonViewController.swift */; };
		843F0A8922BC0E36005B369F /* SkeletonViewController.xib in Resources */ = {isa = PBXBuildFile; fileRef = 843F0A8822BC0E36005B369F /* SkeletonViewController.xib */; };
		84530A32223A968F00AD7598 /* DetailsViewController.swift in Sources */ = {isa = PBXBuildFile; fileRef = 84530A31223A968F00AD7598 /* DetailsViewController.swift */; };
		84530A34223A975900AD7598 /* DetailsViewController.xib in Resources */ = {isa = PBXBuildFile; fileRef = 84530A33223A975900AD7598 /* DetailsViewController.xib */; };
		84754C80250FB24400854599 /* ModalAlertPresentationViewController.swift in Sources */ = {isa = PBXBuildFile; fileRef = 84754C7E250FB24400854599 /* ModalAlertPresentationViewController.swift */; };
		84754C81250FB24400854599 /* ModalAlertPresentationViewController.xib in Resources */ = {isa = PBXBuildFile; fileRef = 84754C7F250FB24400854599 /* ModalAlertPresentationViewController.xib */; };
		849244972518D93900477C1B /* AnimatedTextViewController.swift in Sources */ = {isa = PBXBuildFile; fileRef = 849244962518D93900477C1B /* AnimatedTextViewController.swift */; };
		849244992518D96C00477C1B /* AnimatedTextViewController.xib in Resources */ = {isa = PBXBuildFile; fileRef = 849244982518D96C00477C1B /* AnimatedTextViewController.xib */; };
		84FA008F22699DEF005DA950 /* EmptyStateViewController.swift in Sources */ = {isa = PBXBuildFile; fileRef = 84FA008E22699DEF005DA950 /* EmptyStateViewController.swift */; };
		84FA009122699DFF005DA950 /* EmptyStateViewController.xib in Resources */ = {isa = PBXBuildFile; fileRef = 84FA009022699DFF005DA950 /* EmptyStateViewController.xib */; };
		84FA6E19228965FB003B9D40 /* ModalSheetPresentationViewController.swift in Sources */ = {isa = PBXBuildFile; fileRef = 84FA6E18228965FB003B9D40 /* ModalSheetPresentationViewController.swift */; };
		84FA6E1B22898714003B9D40 /* ModalSheetPresentationViewController.xib in Resources */ = {isa = PBXBuildFile; fileRef = 84FA6E1A22898714003B9D40 /* ModalSheetPresentationViewController.xib */; };
		F8F85F6D2497746B003FDC3F /* ChildViewController.swift in Sources */ = {isa = PBXBuildFile; fileRef = F8F85F6C2497746B003FDC3F /* ChildViewController.swift */; };
		F9487713BAF471CD752C3343 /* Pods_SoraUI_Example.framework in Frameworks */ = {isa = PBXBuildFile; fileRef = BFD9485C09127F44282000DF /* Pods_SoraUI_Example.framework */; };
/* End PBXBuildFile section */

/* Begin PBXContainerItemProxy section */
		607FACE61AFB9204008FA782 /* PBXContainerItemProxy */ = {
			isa = PBXContainerItemProxy;
			containerPortal = 607FACC81AFB9204008FA782 /* Project object */;
			proxyType = 1;
			remoteGlobalIDString = 607FACCF1AFB9204008FA782;
			remoteInfo = SoraUI;
		};
/* End PBXContainerItemProxy section */

/* Begin PBXFileReference section */
		027A3D7F21C13CD60020B66A /* RoundedButtonsViewController.swift */ = {isa = PBXFileReference; lastKnownFileType = sourcecode.swift; path = RoundedButtonsViewController.swift; sourceTree = "<group>"; };
		027A3D8121C13D040020B66A /* RoundedButtonsViewController.xib */ = {isa = PBXFileReference; lastKnownFileType = file.xib; path = RoundedButtonsViewController.xib; sourceTree = "<group>"; };
		027A3D8421C14A670020B66A /* GradientButtonsViewController.swift */ = {isa = PBXFileReference; lastKnownFileType = sourcecode.swift; path = GradientButtonsViewController.swift; sourceTree = "<group>"; };
		027A3D8621C14A980020B66A /* GradientButtonsViewController.xib */ = {isa = PBXFileReference; lastKnownFileType = file.xib; path = GradientButtonsViewController.xib; sourceTree = "<group>"; };
		027A3D8F21C1509C0020B66A /* PincodeViewController.xib */ = {isa = PBXFileReference; lastKnownFileType = file.xib; path = PincodeViewController.xib; sourceTree = "<group>"; };
		027A3D9121C150B30020B66A /* PincodeViewController.swift */ = {isa = PBXFileReference; lastKnownFileType = sourcecode.swift; path = PincodeViewController.swift; sourceTree = "<group>"; };
		027A3D9421C156CE0020B66A /* TextCodeViewController.swift */ = {isa = PBXFileReference; lastKnownFileType = sourcecode.swift; path = TextCodeViewController.swift; sourceTree = "<group>"; };
		027A3D9621C156E00020B66A /* TextCodeViewController.xib */ = {isa = PBXFileReference; lastKnownFileType = file.xib; path = TextCodeViewController.xib; sourceTree = "<group>"; };
		027A3D9921C15A350020B66A /* LoadingViewController.xib */ = {isa = PBXFileReference; lastKnownFileType = file.xib; path = LoadingViewController.xib; sourceTree = "<group>"; };
		027A3D9B21C15A440020B66A /* LoadingViewController.swift */ = {isa = PBXFileReference; lastKnownFileType = sourcecode.swift; path = LoadingViewController.swift; sourceTree = "<group>"; };
		027A3DB621C248880020B66A /* ActionTitleViewController.swift */ = {isa = PBXFileReference; lastKnownFileType = sourcecode.swift; path = ActionTitleViewController.swift; sourceTree = "<group>"; };
		027A3DB821C2505B0020B66A /* ActionTitleViewController.xib */ = {isa = PBXFileReference; lastKnownFileType = file.xib; path = ActionTitleViewController.xib; sourceTree = "<group>"; };
		028547E0220886CD00A40F41 /* SegmentedControlViewController.swift */ = {isa = PBXFileReference; lastKnownFileType = sourcecode.swift; path = SegmentedControlViewController.swift; sourceTree = "<group>"; };
		028547E22208873100A40F41 /* SegmentedControlViewController.xib */ = {isa = PBXFileReference; lastKnownFileType = file.xib; path = SegmentedControlViewController.xib; sourceTree = "<group>"; };
		071248602287C2091D46C2C1 /* Pods-SoraUI_Example.release.xcconfig */ = {isa = PBXFileReference; includeInIndex = 1; lastKnownFileType = text.xcconfig; name = "Pods-SoraUI_Example.release.xcconfig"; path = "Pods/Target Support Files/Pods-SoraUI_Example/Pods-SoraUI_Example.release.xcconfig"; sourceTree = "<group>"; };
		071E5C489354557C0094BB90 /* Pods_SoraUI_Tests.framework */ = {isa = PBXFileReference; explicitFileType = wrapper.framework; includeInIndex = 0; path = Pods_SoraUI_Tests.framework; sourceTree = BUILT_PRODUCTS_DIR; };
		12A2971F5E62F140FF401B1A /* Pods-SoraUI_Example.debug.xcconfig */ = {isa = PBXFileReference; includeInIndex = 1; lastKnownFileType = text.xcconfig; name = "Pods-SoraUI_Example.debug.xcconfig"; path = "Pods/Target Support Files/Pods-SoraUI_Example/Pods-SoraUI_Example.debug.xcconfig"; sourceTree = "<group>"; };
		194752D8E536AA50C0626E45 /* SoraUI.podspec */ = {isa = PBXFileReference; includeInIndex = 1; lastKnownFileType = text; name = SoraUI.podspec; path = ../SoraUI.podspec; sourceTree = "<group>"; xcLanguageSpecificationIdentifier = xcode.lang.ruby; };
		607FACD01AFB9204008FA782 /* SoraUI_Example.app */ = {isa = PBXFileReference; explicitFileType = wrapper.application; includeInIndex = 0; path = SoraUI_Example.app; sourceTree = BUILT_PRODUCTS_DIR; };
		607FACD41AFB9204008FA782 /* Info.plist */ = {isa = PBXFileReference; lastKnownFileType = text.plist.xml; path = Info.plist; sourceTree = "<group>"; };
		607FACD51AFB9204008FA782 /* AppDelegate.swift */ = {isa = PBXFileReference; lastKnownFileType = sourcecode.swift; path = AppDelegate.swift; sourceTree = "<group>"; };
		607FACD71AFB9204008FA782 /* ListViewController.swift */ = {isa = PBXFileReference; lastKnownFileType = sourcecode.swift; path = ListViewController.swift; sourceTree = "<group>"; };
		607FACDA1AFB9204008FA782 /* Base */ = {isa = PBXFileReference; lastKnownFileType = file.storyboard; name = Base; path = Base.lproj/Main.storyboard; sourceTree = "<group>"; };
		607FACDC1AFB9204008FA782 /* Images.xcassets */ = {isa = PBXFileReference; lastKnownFileType = folder.assetcatalog; path = Images.xcassets; sourceTree = "<group>"; };
		607FACDF1AFB9204008FA782 /* Base */ = {isa = PBXFileReference; lastKnownFileType = file.xib; name = Base; path = Base.lproj/LaunchScreen.xib; sourceTree = "<group>"; };
		607FACE51AFB9204008FA782 /* SoraUI_Tests.xctest */ = {isa = PBXFileReference; explicitFileType = wrapper.cfbundle; includeInIndex = 0; path = SoraUI_Tests.xctest; sourceTree = BUILT_PRODUCTS_DIR; };
		607FACEA1AFB9204008FA782 /* Info.plist */ = {isa = PBXFileReference; lastKnownFileType = text.plist.xml; path = Info.plist; sourceTree = "<group>"; };
		6B28FB29CA745121259B85F7 /* README.md */ = {isa = PBXFileReference; includeInIndex = 1; lastKnownFileType = net.daringfireball.markdown; name = README.md; path = ../README.md; sourceTree = "<group>"; };
		84131DA922BC1BF90091A0A6 /* SkrullTests.swift */ = {isa = PBXFileReference; lastKnownFileType = sourcecode.swift; path = SkrullTests.swift; sourceTree = "<group>"; };
		843BBB0A23B347AD0047100A /* PlainSegmentedControlTests.swift */ = {isa = PBXFileReference; lastKnownFileType = sourcecode.swift; name = PlainSegmentedControlTests.swift; path = ../PlainSegmentedControl/PlainSegmentedControlTests.swift; sourceTree = "<group>"; };
		843F0A8622BC0E10005B369F /* SkeletonViewController.swift */ = {isa = PBXFileReference; lastKnownFileType = sourcecode.swift; path = SkeletonViewController.swift; sourceTree = "<group>"; };
		843F0A8822BC0E36005B369F /* SkeletonViewController.xib */ = {isa = PBXFileReference; lastKnownFileType = file.xib; path = SkeletonViewController.xib; sourceTree = "<group>"; };
		84530A31223A968F00AD7598 /* DetailsViewController.swift */ = {isa = PBXFileReference; lastKnownFileType = sourcecode.swift; path = DetailsViewController.swift; sourceTree = "<group>"; };
		84530A33223A975900AD7598 /* DetailsViewController.xib */ = {isa = PBXFileReference; lastKnownFileType = file.xib; path = DetailsViewController.xib; sourceTree = "<group>"; };
		84754C7E250FB24400854599 /* ModalAlertPresentationViewController.swift */ = {isa = PBXFileReference; fileEncoding = 4; lastKnownFileType = sourcecode.swift; path = ModalAlertPresentationViewController.swift; sourceTree = "<group>"; };
		84754C7F250FB24400854599 /* ModalAlertPresentationViewController.xib */ = {isa = PBXFileReference; fileEncoding = 4; lastKnownFileType = file.xib; path = ModalAlertPresentationViewController.xib; sourceTree = "<group>"; };
		849244962518D93900477C1B /* AnimatedTextViewController.swift */ = {isa = PBXFileReference; lastKnownFileType = sourcecode.swift; path = AnimatedTextViewController.swift; sourceTree = "<group>"; };
		849244982518D96C00477C1B /* AnimatedTextViewController.xib */ = {isa = PBXFileReference; lastKnownFileType = file.xib; path = AnimatedTextViewController.xib; sourceTree = "<group>"; };
		84FA008E22699DEF005DA950 /* EmptyStateViewController.swift */ = {isa = PBXFileReference; lastKnownFileType = sourcecode.swift; path = EmptyStateViewController.swift; sourceTree = "<group>"; };
		84FA009022699DFF005DA950 /* EmptyStateViewController.xib */ = {isa = PBXFileReference; lastKnownFileType = file.xib; path = EmptyStateViewController.xib; sourceTree = "<group>"; };
		84FA6E18228965FB003B9D40 /* ModalSheetPresentationViewController.swift */ = {isa = PBXFileReference; lastKnownFileType = sourcecode.swift; path = ModalSheetPresentationViewController.swift; sourceTree = "<group>"; };
		84FA6E1A22898714003B9D40 /* ModalSheetPresentationViewController.xib */ = {isa = PBXFileReference; lastKnownFileType = file.xib; path = ModalSheetPresentationViewController.xib; sourceTree = "<group>"; };
		8E3CF9E7A61DBF3EB142A06A /* Pods-SoraUI_Tests.debug.xcconfig */ = {isa = PBXFileReference; includeInIndex = 1; lastKnownFileType = text.xcconfig; name = "Pods-SoraUI_Tests.debug.xcconfig"; path = "Pods/Target Support Files/Pods-SoraUI_Tests/Pods-SoraUI_Tests.debug.xcconfig"; sourceTree = "<group>"; };
		98170E6FEAEEED23A46C185D /* LICENSE */ = {isa = PBXFileReference; includeInIndex = 1; lastKnownFileType = text; name = LICENSE; path = ../LICENSE; sourceTree = "<group>"; };
		BFD9485C09127F44282000DF /* Pods_SoraUI_Example.framework */ = {isa = PBXFileReference; explicitFileType = wrapper.framework; includeInIndex = 0; path = Pods_SoraUI_Example.framework; sourceTree = BUILT_PRODUCTS_DIR; };
		D3368F1B0455F39A2EEAD047 /* Pods-SoraUI_Tests.release.xcconfig */ = {isa = PBXFileReference; includeInIndex = 1; lastKnownFileType = text.xcconfig; name = "Pods-SoraUI_Tests.release.xcconfig"; path = "Pods/Target Support Files/Pods-SoraUI_Tests/Pods-SoraUI_Tests.release.xcconfig"; sourceTree = "<group>"; };
		F8F85F6C2497746B003FDC3F /* ChildViewController.swift */ = {isa = PBXFileReference; lastKnownFileType = sourcecode.swift; path = ChildViewController.swift; sourceTree = "<group>"; };
/* End PBXFileReference section */

/* Begin PBXFrameworksBuildPhase section */
		607FACCD1AFB9204008FA782 /* Frameworks */ = {
			isa = PBXFrameworksBuildPhase;
			buildActionMask = 2147483647;
			files = (
				F9487713BAF471CD752C3343 /* Pods_SoraUI_Example.framework in Frameworks */,
			);
			runOnlyForDeploymentPostprocessing = 0;
		};
		607FACE21AFB9204008FA782 /* Frameworks */ = {
			isa = PBXFrameworksBuildPhase;
			buildActionMask = 2147483647;
			files = (
				4FB62661730DE90CD2A5A047 /* Pods_SoraUI_Tests.framework in Frameworks */,
			);
			runOnlyForDeploymentPostprocessing = 0;
		};
/* End PBXFrameworksBuildPhase section */

/* Begin PBXGroup section */
		027A3D7E21C13CC20020B66A /* RoundedButtons */ = {
			isa = PBXGroup;
			children = (
				027A3D7F21C13CD60020B66A /* RoundedButtonsViewController.swift */,
				027A3D8121C13D040020B66A /* RoundedButtonsViewController.xib */,
			);
			path = RoundedButtons;
			sourceTree = "<group>";
		};
		027A3D8321C14A270020B66A /* GradienButtons */ = {
			isa = PBXGroup;
			children = (
				027A3D8421C14A670020B66A /* GradientButtonsViewController.swift */,
				027A3D8621C14A980020B66A /* GradientButtonsViewController.xib */,
			);
			path = GradienButtons;
			sourceTree = "<group>";
		};
		027A3D8E21C1507A0020B66A /* PincodeView */ = {
			isa = PBXGroup;
			children = (
				027A3D9121C150B30020B66A /* PincodeViewController.swift */,
				027A3D8F21C1509C0020B66A /* PincodeViewController.xib */,
			);
			path = PincodeView;
			sourceTree = "<group>";
		};
		027A3D9321C156B60020B66A /* TextCodeView */ = {
			isa = PBXGroup;
			children = (
				027A3D9421C156CE0020B66A /* TextCodeViewController.swift */,
				027A3D9621C156E00020B66A /* TextCodeViewController.xib */,
			);
			path = TextCodeView;
			sourceTree = "<group>";
		};
		027A3D9821C15A1C0020B66A /* Loading View */ = {
			isa = PBXGroup;
			children = (
				027A3D9921C15A350020B66A /* LoadingViewController.xib */,
				027A3D9B21C15A440020B66A /* LoadingViewController.swift */,
			);
			path = "Loading View";
			sourceTree = "<group>";
		};
		027A3DB521C248690020B66A /* ActionTitleControl */ = {
			isa = PBXGroup;
			children = (
				027A3DB621C248880020B66A /* ActionTitleViewController.swift */,
				027A3DB821C2505B0020B66A /* ActionTitleViewController.xib */,
			);
			path = ActionTitleControl;
			sourceTree = "<group>";
		};
		028547DF220886A400A40F41 /* SegmentedControl */ = {
			isa = PBXGroup;
			children = (
				028547E0220886CD00A40F41 /* SegmentedControlViewController.swift */,
				028547E22208873100A40F41 /* SegmentedControlViewController.xib */,
			);
			path = SegmentedControl;
			sourceTree = "<group>";
		};
		0F69D9C12C6E7C749AC783B1 /* Pods */ = {
			isa = PBXGroup;
			children = (
				12A2971F5E62F140FF401B1A /* Pods-SoraUI_Example.debug.xcconfig */,
				071248602287C2091D46C2C1 /* Pods-SoraUI_Example.release.xcconfig */,
				8E3CF9E7A61DBF3EB142A06A /* Pods-SoraUI_Tests.debug.xcconfig */,
				D3368F1B0455F39A2EEAD047 /* Pods-SoraUI_Tests.release.xcconfig */,
			);
			name = Pods;
			sourceTree = "<group>";
		};
		607FACC71AFB9204008FA782 = {
			isa = PBXGroup;
			children = (
				607FACF51AFB993E008FA782 /* Podspec Metadata */,
				607FACD21AFB9204008FA782 /* Example for SoraUI */,
				607FACE81AFB9204008FA782 /* Tests */,
				607FACD11AFB9204008FA782 /* Products */,
				0F69D9C12C6E7C749AC783B1 /* Pods */,
				CCAA257A6E6891F06F0C29AF /* Frameworks */,
			);
			sourceTree = "<group>";
		};
		607FACD11AFB9204008FA782 /* Products */ = {
			isa = PBXGroup;
			children = (
				607FACD01AFB9204008FA782 /* SoraUI_Example.app */,
				607FACE51AFB9204008FA782 /* SoraUI_Tests.xctest */,
			);
			name = Products;
			sourceTree = "<group>";
		};
		607FACD21AFB9204008FA782 /* Example for SoraUI */ = {
			isa = PBXGroup;
			children = (
				849244952518D92000477C1B /* AnimatedTextView */,
				84754C79250FB1D600854599 /* ModalAlertPresentation */,
				F8F85F6B24977456003FDC3F /* ChildViewColntroller */,
				843F0A8522BC0DEF005B369F /* SkeletonView */,
				84FA6E17228965D7003B9D40 /* ModalSheetPresentation */,
				84FA008D22699DCF005DA950 /* EmptyStateViewController */,
				84530A30223A967600AD7598 /* DetailsViewController */,
				028547DF220886A400A40F41 /* SegmentedControl */,
				027A3DB521C248690020B66A /* ActionTitleControl */,
				027A3D9821C15A1C0020B66A /* Loading View */,
				027A3D7E21C13CC20020B66A /* RoundedButtons */,
				027A3D8321C14A270020B66A /* GradienButtons */,
				027A3D8E21C1507A0020B66A /* PincodeView */,
				027A3D9321C156B60020B66A /* TextCodeView */,
				607FACD51AFB9204008FA782 /* AppDelegate.swift */,
				607FACD71AFB9204008FA782 /* ListViewController.swift */,
				607FACD91AFB9204008FA782 /* Main.storyboard */,
				607FACDC1AFB9204008FA782 /* Images.xcassets */,
				607FACDE1AFB9204008FA782 /* LaunchScreen.xib */,
				607FACD31AFB9204008FA782 /* Supporting Files */,
			);
			name = "Example for SoraUI";
			path = SoraUI;
			sourceTree = "<group>";
		};
		607FACD31AFB9204008FA782 /* Supporting Files */ = {
			isa = PBXGroup;
			children = (
				607FACD41AFB9204008FA782 /* Info.plist */,
			);
			name = "Supporting Files";
			sourceTree = "<group>";
		};
		607FACE81AFB9204008FA782 /* Tests */ = {
			isa = PBXGroup;
			children = (
				84131DA822BC1BDF0091A0A6 /* Skrull */,
				607FACE91AFB9204008FA782 /* Supporting Files */,
			);
			path = Tests;
			sourceTree = "<group>";
		};
		607FACE91AFB9204008FA782 /* Supporting Files */ = {
			isa = PBXGroup;
			children = (
				607FACEA1AFB9204008FA782 /* Info.plist */,
			);
			name = "Supporting Files";
			sourceTree = "<group>";
		};
		607FACF51AFB993E008FA782 /* Podspec Metadata */ = {
			isa = PBXGroup;
			children = (
				194752D8E536AA50C0626E45 /* SoraUI.podspec */,
				6B28FB29CA745121259B85F7 /* README.md */,
				98170E6FEAEEED23A46C185D /* LICENSE */,
			);
			name = "Podspec Metadata";
			sourceTree = "<group>";
		};
		84131DA822BC1BDF0091A0A6 /* Skrull */ = {
			isa = PBXGroup;
			children = (
				84131DA922BC1BF90091A0A6 /* SkrullTests.swift */,
				843BBB0A23B347AD0047100A /* PlainSegmentedControlTests.swift */,
			);
			name = Skrull;
			path = ../../Tests/Skrull;
			sourceTree = "<group>";
		};
		843F0A8522BC0DEF005B369F /* SkeletonView */ = {
			isa = PBXGroup;
			children = (
				843F0A8622BC0E10005B369F /* SkeletonViewController.swift */,
				843F0A8822BC0E36005B369F /* SkeletonViewController.xib */,
			);
			path = SkeletonView;
			sourceTree = "<group>";
		};
		84530A30223A967600AD7598 /* DetailsViewController */ = {
			isa = PBXGroup;
			children = (
				84530A31223A968F00AD7598 /* DetailsViewController.swift */,
				84530A33223A975900AD7598 /* DetailsViewController.xib */,
			);
			path = DetailsViewController;
			sourceTree = "<group>";
		};
		84754C79250FB1D600854599 /* ModalAlertPresentation */ = {
			isa = PBXGroup;
			children = (
				84754C7E250FB24400854599 /* ModalAlertPresentationViewController.swift */,
				84754C7F250FB24400854599 /* ModalAlertPresentationViewController.xib */,
			);
			path = ModalAlertPresentation;
			sourceTree = "<group>";
		};
		849244952518D92000477C1B /* AnimatedTextView */ = {
			isa = PBXGroup;
			children = (
				849244962518D93900477C1B /* AnimatedTextViewController.swift */,
				849244982518D96C00477C1B /* AnimatedTextViewController.xib */,
			);
			path = AnimatedTextView;
			sourceTree = "<group>";
		};
		84FA008D22699DCF005DA950 /* EmptyStateViewController */ = {
			isa = PBXGroup;
			children = (
				84FA008E22699DEF005DA950 /* EmptyStateViewController.swift */,
				84FA009022699DFF005DA950 /* EmptyStateViewController.xib */,
			);
			path = EmptyStateViewController;
			sourceTree = "<group>";
		};
		84FA6E17228965D7003B9D40 /* ModalSheetPresentation */ = {
			isa = PBXGroup;
			children = (
				84FA6E18228965FB003B9D40 /* ModalSheetPresentationViewController.swift */,
				84FA6E1A22898714003B9D40 /* ModalSheetPresentationViewController.xib */,
			);
			path = ModalSheetPresentation;
			sourceTree = "<group>";
		};
		CCAA257A6E6891F06F0C29AF /* Frameworks */ = {
			isa = PBXGroup;
			children = (
				BFD9485C09127F44282000DF /* Pods_SoraUI_Example.framework */,
				071E5C489354557C0094BB90 /* Pods_SoraUI_Tests.framework */,
			);
			name = Frameworks;
			sourceTree = "<group>";
		};
		F8F85F6B24977456003FDC3F /* ChildViewColntroller */ = {
			isa = PBXGroup;
			children = (
				F8F85F6C2497746B003FDC3F /* ChildViewController.swift */,
			);
			path = ChildViewColntroller;
			sourceTree = "<group>";
		};
/* End PBXGroup section */

/* Begin PBXNativeTarget section */
		607FACCF1AFB9204008FA782 /* SoraUI_Example */ = {
			isa = PBXNativeTarget;
			buildConfigurationList = 607FACEF1AFB9204008FA782 /* Build configuration list for PBXNativeTarget "SoraUI_Example" */;
			buildPhases = (
				5F6773E56AC132F8F49357E0 /* [CP] Check Pods Manifest.lock */,
				607FACCC1AFB9204008FA782 /* Sources */,
				607FACCD1AFB9204008FA782 /* Frameworks */,
				607FACCE1AFB9204008FA782 /* Resources */,
				9D7C6C8051D045D89ED5C24C /* [CP] Embed Pods Frameworks */,
			);
			buildRules = (
			);
			dependencies = (
			);
			name = SoraUI_Example;
			productName = SoraUI;
			productReference = 607FACD01AFB9204008FA782 /* SoraUI_Example.app */;
			productType = "com.apple.product-type.application";
		};
		607FACE41AFB9204008FA782 /* SoraUI_Tests */ = {
			isa = PBXNativeTarget;
			buildConfigurationList = 607FACF21AFB9204008FA782 /* Build configuration list for PBXNativeTarget "SoraUI_Tests" */;
			buildPhases = (
				C94F19BAB695A37775B41304 /* [CP] Check Pods Manifest.lock */,
				607FACE11AFB9204008FA782 /* Sources */,
				607FACE21AFB9204008FA782 /* Frameworks */,
				607FACE31AFB9204008FA782 /* Resources */,
			);
			buildRules = (
			);
			dependencies = (
				607FACE71AFB9204008FA782 /* PBXTargetDependency */,
			);
			name = SoraUI_Tests;
			productName = Tests;
			productReference = 607FACE51AFB9204008FA782 /* SoraUI_Tests.xctest */;
			productType = "com.apple.product-type.bundle.unit-test";
		};
/* End PBXNativeTarget section */

/* Begin PBXProject section */
		607FACC81AFB9204008FA782 /* Project object */ = {
			isa = PBXProject;
			attributes = {
				LastSwiftUpdateCheck = 0830;
				LastUpgradeCheck = 1020;
				ORGANIZATIONNAME = CocoaPods;
				TargetAttributes = {
					607FACCF1AFB9204008FA782 = {
						CreatedOnToolsVersion = 6.3.1;
						DevelopmentTeam = YLWWUD25VZ;
						LastSwiftMigration = 1020;
						ProvisioningStyle = Automatic;
					};
					607FACE41AFB9204008FA782 = {
						CreatedOnToolsVersion = 6.3.1;
						LastSwiftMigration = 1020;
						TestTargetID = 607FACCF1AFB9204008FA782;
					};
				};
			};
			buildConfigurationList = 607FACCB1AFB9204008FA782 /* Build configuration list for PBXProject "SoraUI" */;
			compatibilityVersion = "Xcode 3.2";
			developmentRegion = en;
			hasScannedForEncodings = 0;
			knownRegions = (
				en,
				Base,
			);
			mainGroup = 607FACC71AFB9204008FA782;
			productRefGroup = 607FACD11AFB9204008FA782 /* Products */;
			projectDirPath = "";
			projectRoot = "";
			targets = (
				607FACCF1AFB9204008FA782 /* SoraUI_Example */,
				607FACE41AFB9204008FA782 /* SoraUI_Tests */,
			);
		};
/* End PBXProject section */

/* Begin PBXResourcesBuildPhase section */
		607FACCE1AFB9204008FA782 /* Resources */ = {
			isa = PBXResourcesBuildPhase;
			buildActionMask = 2147483647;
			files = (
				84FA009122699DFF005DA950 /* EmptyStateViewController.xib in Resources */,
				843F0A8922BC0E36005B369F /* SkeletonViewController.xib in Resources */,
				027A3D8221C13D040020B66A /* RoundedButtonsViewController.xib in Resources */,
				028547E32208873100A40F41 /* SegmentedControlViewController.xib in Resources */,
				607FACDB1AFB9204008FA782 /* Main.storyboard in Resources */,
				607FACE01AFB9204008FA782 /* LaunchScreen.xib in Resources */,
				849244992518D96C00477C1B /* AnimatedTextViewController.xib in Resources */,
				84FA6E1B22898714003B9D40 /* ModalSheetPresentationViewController.xib in Resources */,
				027A3D9721C156E00020B66A /* TextCodeViewController.xib in Resources */,
				84530A34223A975900AD7598 /* DetailsViewController.xib in Resources */,
				027A3D9021C1509C0020B66A /* PincodeViewController.xib in Resources */,
				027A3D8721C14A980020B66A /* GradientButtonsViewController.xib in Resources */,
				607FACDD1AFB9204008FA782 /* Images.xcassets in Resources */,
				027A3D9A21C15A350020B66A /* LoadingViewController.xib in Resources */,
				84754C81250FB24400854599 /* ModalAlertPresentationViewController.xib in Resources */,
				027A3DB921C2505B0020B66A /* ActionTitleViewController.xib in Resources */,
			);
			runOnlyForDeploymentPostprocessing = 0;
		};
		607FACE31AFB9204008FA782 /* Resources */ = {
			isa = PBXResourcesBuildPhase;
			buildActionMask = 2147483647;
			files = (
			);
			runOnlyForDeploymentPostprocessing = 0;
		};
/* End PBXResourcesBuildPhase section */

/* Begin PBXShellScriptBuildPhase section */
		5F6773E56AC132F8F49357E0 /* [CP] Check Pods Manifest.lock */ = {
			isa = PBXShellScriptBuildPhase;
			buildActionMask = 2147483647;
			files = (
			);
			inputFileListPaths = (
			);
			inputPaths = (
				"${PODS_PODFILE_DIR_PATH}/Podfile.lock",
				"${PODS_ROOT}/Manifest.lock",
			);
			name = "[CP] Check Pods Manifest.lock";
			outputFileListPaths = (
			);
			outputPaths = (
				"$(DERIVED_FILE_DIR)/Pods-SoraUI_Example-checkManifestLockResult.txt",
			);
			runOnlyForDeploymentPostprocessing = 0;
			shellPath = /bin/sh;
			shellScript = "diff \"${PODS_PODFILE_DIR_PATH}/Podfile.lock\" \"${PODS_ROOT}/Manifest.lock\" > /dev/null\nif [ $? != 0 ] ; then\n    # print error to STDERR\n    echo \"error: The sandbox is not in sync with the Podfile.lock. Run 'pod install' or update your CocoaPods installation.\" >&2\n    exit 1\nfi\n# This output is used by Xcode 'outputs' to avoid re-running this script phase.\necho \"SUCCESS\" > \"${SCRIPT_OUTPUT_FILE_0}\"\n";
			showEnvVarsInLog = 0;
		};
		9D7C6C8051D045D89ED5C24C /* [CP] Embed Pods Frameworks */ = {
			isa = PBXShellScriptBuildPhase;
			buildActionMask = 2147483647;
			files = (
			);
			inputPaths = (
				"${PODS_ROOT}/Target Support Files/Pods-SoraUI_Example/Pods-SoraUI_Example-frameworks.sh",
				"${BUILT_PRODUCTS_DIR}/SoraUI/SoraUI.framework",
			);
			name = "[CP] Embed Pods Frameworks";
			outputPaths = (
				"${TARGET_BUILD_DIR}/${FRAMEWORKS_FOLDER_PATH}/SoraUI.framework",
			);
			runOnlyForDeploymentPostprocessing = 0;
			shellPath = /bin/sh;
			shellScript = "\"${PODS_ROOT}/Target Support Files/Pods-SoraUI_Example/Pods-SoraUI_Example-frameworks.sh\"\n";
			showEnvVarsInLog = 0;
		};
		C94F19BAB695A37775B41304 /* [CP] Check Pods Manifest.lock */ = {
			isa = PBXShellScriptBuildPhase;
			buildActionMask = 2147483647;
			files = (
			);
			inputFileListPaths = (
			);
			inputPaths = (
				"${PODS_PODFILE_DIR_PATH}/Podfile.lock",
				"${PODS_ROOT}/Manifest.lock",
			);
			name = "[CP] Check Pods Manifest.lock";
			outputFileListPaths = (
			);
			outputPaths = (
				"$(DERIVED_FILE_DIR)/Pods-SoraUI_Tests-checkManifestLockResult.txt",
			);
			runOnlyForDeploymentPostprocessing = 0;
			shellPath = /bin/sh;
			shellScript = "diff \"${PODS_PODFILE_DIR_PATH}/Podfile.lock\" \"${PODS_ROOT}/Manifest.lock\" > /dev/null\nif [ $? != 0 ] ; then\n    # print error to STDERR\n    echo \"error: The sandbox is not in sync with the Podfile.lock. Run 'pod install' or update your CocoaPods installation.\" >&2\n    exit 1\nfi\n# This output is used by Xcode 'outputs' to avoid re-running this script phase.\necho \"SUCCESS\" > \"${SCRIPT_OUTPUT_FILE_0}\"\n";
			showEnvVarsInLog = 0;
		};
/* End PBXShellScriptBuildPhase section */

/* Begin PBXSourcesBuildPhase section */
		607FACCC1AFB9204008FA782 /* Sources */ = {
			isa = PBXSourcesBuildPhase;
			buildActionMask = 2147483647;
			files = (
				843F0A8722BC0E10005B369F /* SkeletonViewController.swift in Sources */,
				027A3D9C21C15A440020B66A /* LoadingViewController.swift in Sources */,
				027A3DB721C248880020B66A /* ActionTitleViewController.swift in Sources */,
				84754C80250FB24400854599 /* ModalAlertPresentationViewController.swift in Sources */,
				849244972518D93900477C1B /* AnimatedTextViewController.swift in Sources */,
				607FACD81AFB9204008FA782 /* ListViewController.swift in Sources */,
				607FACD61AFB9204008FA782 /* AppDelegate.swift in Sources */,
				84FA6E19228965FB003B9D40 /* ModalSheetPresentationViewController.swift in Sources */,
				027A3D8521C14A670020B66A /* GradientButtonsViewController.swift in Sources */,
				F8F85F6D2497746B003FDC3F /* ChildViewController.swift in Sources */,
				028547E1220886CD00A40F41 /* SegmentedControlViewController.swift in Sources */,
				84FA008F22699DEF005DA950 /* EmptyStateViewController.swift in Sources */,
				027A3D9221C150B30020B66A /* PincodeViewController.swift in Sources */,
				027A3D9521C156CE0020B66A /* TextCodeViewController.swift in Sources */,
				027A3D8021C13CD60020B66A /* RoundedButtonsViewController.swift in Sources */,
				84530A32223A968F00AD7598 /* DetailsViewController.swift in Sources */,
			);
			runOnlyForDeploymentPostprocessing = 0;
		};
		607FACE11AFB9204008FA782 /* Sources */ = {
			isa = PBXSourcesBuildPhase;
			buildActionMask = 2147483647;
			files = (
				843BBB0B23B347AD0047100A /* PlainSegmentedControlTests.swift in Sources */,
				84131DAA22BC1BF90091A0A6 /* SkrullTests.swift in Sources */,
			);
			runOnlyForDeploymentPostprocessing = 0;
		};
/* End PBXSourcesBuildPhase section */

/* Begin PBXTargetDependency section */
		607FACE71AFB9204008FA782 /* PBXTargetDependency */ = {
			isa = PBXTargetDependency;
			target = 607FACCF1AFB9204008FA782 /* SoraUI_Example */;
			targetProxy = 607FACE61AFB9204008FA782 /* PBXContainerItemProxy */;
		};
/* End PBXTargetDependency section */

/* Begin PBXVariantGroup section */
		607FACD91AFB9204008FA782 /* Main.storyboard */ = {
			isa = PBXVariantGroup;
			children = (
				607FACDA1AFB9204008FA782 /* Base */,
			);
			name = Main.storyboard;
			sourceTree = "<group>";
		};
		607FACDE1AFB9204008FA782 /* LaunchScreen.xib */ = {
			isa = PBXVariantGroup;
			children = (
				607FACDF1AFB9204008FA782 /* Base */,
			);
			name = LaunchScreen.xib;
			sourceTree = "<group>";
		};
/* End PBXVariantGroup section */

/* Begin XCBuildConfiguration section */
		607FACED1AFB9204008FA782 /* Debug */ = {
			isa = XCBuildConfiguration;
			buildSettings = {
				ALWAYS_SEARCH_USER_PATHS = NO;
				CLANG_ANALYZER_LOCALIZABILITY_NONLOCALIZED = YES;
				CLANG_CXX_LANGUAGE_STANDARD = "gnu++0x";
				CLANG_CXX_LIBRARY = "libc++";
				CLANG_ENABLE_MODULES = YES;
				CLANG_ENABLE_OBJC_ARC = YES;
				CLANG_WARN_BLOCK_CAPTURE_AUTORELEASING = YES;
				CLANG_WARN_BOOL_CONVERSION = YES;
				CLANG_WARN_COMMA = YES;
				CLANG_WARN_CONSTANT_CONVERSION = YES;
				CLANG_WARN_DEPRECATED_OBJC_IMPLEMENTATIONS = YES;
				CLANG_WARN_DIRECT_OBJC_ISA_USAGE = YES_ERROR;
				CLANG_WARN_EMPTY_BODY = YES;
				CLANG_WARN_ENUM_CONVERSION = YES;
				CLANG_WARN_INFINITE_RECURSION = YES;
				CLANG_WARN_INT_CONVERSION = YES;
				CLANG_WARN_NON_LITERAL_NULL_CONVERSION = YES;
				CLANG_WARN_OBJC_IMPLICIT_RETAIN_SELF = YES;
				CLANG_WARN_OBJC_LITERAL_CONVERSION = YES;
				CLANG_WARN_OBJC_ROOT_CLASS = YES_ERROR;
				CLANG_WARN_RANGE_LOOP_ANALYSIS = YES;
				CLANG_WARN_STRICT_PROTOTYPES = YES;
				CLANG_WARN_SUSPICIOUS_MOVE = YES;
				CLANG_WARN_UNREACHABLE_CODE = YES;
				CLANG_WARN__DUPLICATE_METHOD_MATCH = YES;
				"CODE_SIGN_IDENTITY[sdk=iphoneos*]" = "iPhone Developer";
				COPY_PHASE_STRIP = NO;
				DEBUG_INFORMATION_FORMAT = "dwarf-with-dsym";
				ENABLE_STRICT_OBJC_MSGSEND = YES;
				ENABLE_TESTABILITY = YES;
				GCC_C_LANGUAGE_STANDARD = gnu99;
				GCC_DYNAMIC_NO_PIC = NO;
				GCC_NO_COMMON_BLOCKS = YES;
				GCC_OPTIMIZATION_LEVEL = 0;
				GCC_PREPROCESSOR_DEFINITIONS = (
					"DEBUG=1",
					"$(inherited)",
				);
				GCC_SYMBOLS_PRIVATE_EXTERN = NO;
				GCC_WARN_64_TO_32_BIT_CONVERSION = YES;
				GCC_WARN_ABOUT_RETURN_TYPE = YES_ERROR;
				GCC_WARN_UNDECLARED_SELECTOR = YES;
				GCC_WARN_UNINITIALIZED_AUTOS = YES_AGGRESSIVE;
				GCC_WARN_UNUSED_FUNCTION = YES;
				GCC_WARN_UNUSED_VARIABLE = YES;
				IPHONEOS_DEPLOYMENT_TARGET = 9.3;
				MTL_ENABLE_DEBUG_INFO = YES;
				ONLY_ACTIVE_ARCH = YES;
				SDKROOT = iphoneos;
				SWIFT_OPTIMIZATION_LEVEL = "-Onone";
			};
			name = Debug;
		};
		607FACEE1AFB9204008FA782 /* Release */ = {
			isa = XCBuildConfiguration;
			buildSettings = {
				ALWAYS_SEARCH_USER_PATHS = NO;
				CLANG_ANALYZER_LOCALIZABILITY_NONLOCALIZED = YES;
				CLANG_CXX_LANGUAGE_STANDARD = "gnu++0x";
				CLANG_CXX_LIBRARY = "libc++";
				CLANG_ENABLE_MODULES = YES;
				CLANG_ENABLE_OBJC_ARC = YES;
				CLANG_WARN_BLOCK_CAPTURE_AUTORELEASING = YES;
				CLANG_WARN_BOOL_CONVERSION = YES;
				CLANG_WARN_COMMA = YES;
				CLANG_WARN_CONSTANT_CONVERSION = YES;
				CLANG_WARN_DEPRECATED_OBJC_IMPLEMENTATIONS = YES;
				CLANG_WARN_DIRECT_OBJC_ISA_USAGE = YES_ERROR;
				CLANG_WARN_EMPTY_BODY = YES;
				CLANG_WARN_ENUM_CONVERSION = YES;
				CLANG_WARN_INFINITE_RECURSION = YES;
				CLANG_WARN_INT_CONVERSION = YES;
				CLANG_WARN_NON_LITERAL_NULL_CONVERSION = YES;
				CLANG_WARN_OBJC_IMPLICIT_RETAIN_SELF = YES;
				CLANG_WARN_OBJC_LITERAL_CONVERSION = YES;
				CLANG_WARN_OBJC_ROOT_CLASS = YES_ERROR;
				CLANG_WARN_RANGE_LOOP_ANALYSIS = YES;
				CLANG_WARN_STRICT_PROTOTYPES = YES;
				CLANG_WARN_SUSPICIOUS_MOVE = YES;
				CLANG_WARN_UNREACHABLE_CODE = YES;
				CLANG_WARN__DUPLICATE_METHOD_MATCH = YES;
				"CODE_SIGN_IDENTITY[sdk=iphoneos*]" = "iPhone Developer";
				COPY_PHASE_STRIP = NO;
				DEBUG_INFORMATION_FORMAT = "dwarf-with-dsym";
				ENABLE_NS_ASSERTIONS = NO;
				ENABLE_STRICT_OBJC_MSGSEND = YES;
				GCC_C_LANGUAGE_STANDARD = gnu99;
				GCC_NO_COMMON_BLOCKS = YES;
				GCC_WARN_64_TO_32_BIT_CONVERSION = YES;
				GCC_WARN_ABOUT_RETURN_TYPE = YES_ERROR;
				GCC_WARN_UNDECLARED_SELECTOR = YES;
				GCC_WARN_UNINITIALIZED_AUTOS = YES_AGGRESSIVE;
				GCC_WARN_UNUSED_FUNCTION = YES;
				GCC_WARN_UNUSED_VARIABLE = YES;
				IPHONEOS_DEPLOYMENT_TARGET = 9.3;
				MTL_ENABLE_DEBUG_INFO = NO;
				SDKROOT = iphoneos;
				SWIFT_OPTIMIZATION_LEVEL = "-Owholemodule";
				VALIDATE_PRODUCT = YES;
			};
			name = Release;
		};
		607FACF01AFB9204008FA782 /* Debug */ = {
			isa = XCBuildConfiguration;
			baseConfigurationReference = 12A2971F5E62F140FF401B1A /* Pods-SoraUI_Example.debug.xcconfig */;
			buildSettings = {
				ASSETCATALOG_COMPILER_APPICON_NAME = AppIcon;
				CODE_SIGN_IDENTITY = "Apple Development";
				CODE_SIGN_STYLE = Automatic;
				DEVELOPMENT_TEAM = "";
				INFOPLIST_FILE = SoraUI/Info.plist;
				IPHONEOS_DEPLOYMENT_TARGET = 9.0;
				LD_RUNPATH_SEARCH_PATHS = "$(inherited) @executable_path/Frameworks";
				MODULE_NAME = ExampleApp;
				PRODUCT_BUNDLE_IDENTIFIER = "co.jp.soramitsu.soraui-example";
				PRODUCT_NAME = "$(TARGET_NAME)";
				PROVISIONING_PROFILE_SPECIFIER = "";
				SWIFT_VERSION = 5.0;
			};
			name = Debug;
		};
		607FACF11AFB9204008FA782 /* Release */ = {
			isa = XCBuildConfiguration;
			baseConfigurationReference = 071248602287C2091D46C2C1 /* Pods-SoraUI_Example.release.xcconfig */;
			buildSettings = {
				ASSETCATALOG_COMPILER_APPICON_NAME = AppIcon;
				CODE_SIGN_IDENTITY = "iPhone Distribution";
				CODE_SIGN_STYLE = Manual;
				DEVELOPMENT_TEAM = YLWWUD25VZ;
				INFOPLIST_FILE = SoraUI/Info.plist;
				IPHONEOS_DEPLOYMENT_TARGET = 9.0;
				LD_RUNPATH_SEARCH_PATHS = "$(inherited) @executable_path/Frameworks";
				MODULE_NAME = ExampleApp;
				PRODUCT_BUNDLE_IDENTIFIER = "co.jp.soramitsu.soraui-example";
				PRODUCT_NAME = "$(TARGET_NAME)";
				PROVISIONING_PROFILE_SPECIFIER = ridev;
				SWIFT_VERSION = 5.0;
			};
			name = Release;
		};
		607FACF31AFB9204008FA782 /* Debug */ = {
			isa = XCBuildConfiguration;
			baseConfigurationReference = 8E3CF9E7A61DBF3EB142A06A /* Pods-SoraUI_Tests.debug.xcconfig */;
			buildSettings = {
				CLANG_ENABLE_MODULES = YES;
				FRAMEWORK_SEARCH_PATHS = "$(inherited)";
				GCC_PREPROCESSOR_DEFINITIONS = (
					"DEBUG=1",
					"$(inherited)",
				);
				INFOPLIST_FILE = Tests/Info.plist;
				LD_RUNPATH_SEARCH_PATHS = "$(inherited) @executable_path/Frameworks @loader_path/Frameworks";
				PRODUCT_BUNDLE_IDENTIFIER = "org.cocoapods.$(PRODUCT_NAME:rfc1034identifier)";
				PRODUCT_NAME = "$(TARGET_NAME)";
				SWIFT_OPTIMIZATION_LEVEL = "-Onone";
				SWIFT_SWIFT3_OBJC_INFERENCE = Default;
				SWIFT_VERSION = 4.2;
				TEST_HOST = "$(BUILT_PRODUCTS_DIR)/SoraUI_Example.app/SoraUI_Example";
			};
			name = Debug;
		};
		607FACF41AFB9204008FA782 /* Release */ = {
			isa = XCBuildConfiguration;
			baseConfigurationReference = D3368F1B0455F39A2EEAD047 /* Pods-SoraUI_Tests.release.xcconfig */;
			buildSettings = {
				CLANG_ENABLE_MODULES = YES;
				FRAMEWORK_SEARCH_PATHS = "$(inherited)";
				INFOPLIST_FILE = Tests/Info.plist;
				LD_RUNPATH_SEARCH_PATHS = "$(inherited) @executable_path/Frameworks @loader_path/Frameworks";
				PRODUCT_BUNDLE_IDENTIFIER = "org.cocoapods.$(PRODUCT_NAME:rfc1034identifier)";
				PRODUCT_NAME = "$(TARGET_NAME)";
				SWIFT_SWIFT3_OBJC_INFERENCE = Default;
				SWIFT_VERSION = 4.2;
				TEST_HOST = "$(BUILT_PRODUCTS_DIR)/SoraUI_Example.app/SoraUI_Example";
			};
			name = Release;
		};
/* End XCBuildConfiguration section */

/* Begin XCConfigurationList section */
		607FACCB1AFB9204008FA782 /* Build configuration list for PBXProject "SoraUI" */ = {
			isa = XCConfigurationList;
			buildConfigurations = (
				607FACED1AFB9204008FA782 /* Debug */,
				607FACEE1AFB9204008FA782 /* Release */,
			);
			defaultConfigurationIsVisible = 0;
			defaultConfigurationName = Release;
		};
		607FACEF1AFB9204008FA782 /* Build configuration list for PBXNativeTarget "SoraUI_Example" */ = {
			isa = XCConfigurationList;
			buildConfigurations = (
				607FACF01AFB9204008FA782 /* Debug */,
				607FACF11AFB9204008FA782 /* Release */,
			);
			defaultConfigurationIsVisible = 0;
			defaultConfigurationName = Release;
		};
		607FACF21AFB9204008FA782 /* Build configuration list for PBXNativeTarget "SoraUI_Tests" */ = {
			isa = XCConfigurationList;
			buildConfigurations = (
				607FACF31AFB9204008FA782 /* Debug */,
				607FACF41AFB9204008FA782 /* Release */,
			);
			defaultConfigurationIsVisible = 0;
			defaultConfigurationName = Release;
		};
/* End XCConfigurationList section */
	};
	rootObject = 607FACC81AFB9204008FA782 /* Project object */;
}
